
Microsoft Visual Studio Solution File, Format Version 12.00
# Visual Studio 2013
VisualStudioVersion = 12.0.31101.0
MinimumVisualStudioVersion = 10.0.40219.1
Project("{FAE04EC0-301F-11D3-BF4B-00C04F79EFBC}") = "RigRepository", "RigRepository\RigRepository.csproj", "{E7E61A71-B324-4D8C-A602-F7CFF4EC6C48}"
EndProject
Project("{FAE04EC0-301F-11D3-BF4B-00C04F79EFBC}") = "RigServiceSystem", "RigServiceSystem\RigServiceSystem.csproj", "{89A37F28-28FB-4CAC-89F8-662F8017A2BE}"
EndProject
Project("{54435603-DBB4-11D2-8724-00A0C9A8B90C}") = "RigServiceSystemExe", "RigServiceSystemExe\RigServiceSystemExe.vdproj", "{8A4E042D-EB2E-4DFE-A9AD-5181F2384821}"
EndProject
Global
	GlobalSection(SolutionConfigurationPlatforms) = preSolution
		Debug|Any CPU = Debug|Any CPU
		Release|Any CPU = Release|Any CPU
	EndGlobalSection
	GlobalSection(ProjectConfigurationPlatforms) = postSolution
		{E7E61A71-B324-4D8C-A602-F7CFF4EC6C48}.Debug|Any CPU.ActiveCfg = Debug|Any CPU
		{E7E61A71-B324-4D8C-A602-F7CFF4EC6C48}.Debug|Any CPU.Build.0 = Debug|Any CPU
		{E7E61A71-B324-4D8C-A602-F7CFF4EC6C48}.Release|Any CPU.ActiveCfg = Release|Any CPU
		{E7E61A71-B324-4D8C-A602-F7CFF4EC6C48}.Release|Any CPU.Build.0 = Release|Any CPU
		{89A37F28-28FB-4CAC-89F8-662F8017A2BE}.Debug|Any CPU.ActiveCfg = Debug|Any CPU
		{89A37F28-28FB-4CAC-89F8-662F8017A2BE}.Debug|Any CPU.Build.0 = Debug|Any CPU
		{89A37F28-28FB-4CAC-89F8-662F8017A2BE}.Release|Any CPU.ActiveCfg = Release|Any CPU
		{89A37F28-28FB-4CAC-89F8-662F8017A2BE}.Release|Any CPU.Build.0 = Release|Any CPU
		{8A4E042D-EB2E-4DFE-A9AD-5181F2384821}.Debug|Any CPU.ActiveCfg = Debug
		{8A4E042D-EB2E-4DFE-A9AD-5181F2384821}.Release|Any CPU.ActiveCfg = Release
	EndGlobalSection
	GlobalSection(SolutionProperties) = preSolution
		HideSolutionNode = FALSE
	EndGlobalSection
EndGlobal
